
Microsoft Visual Studio Solution File, Format Version 12.00
# Visual Studio Version 16
VisualStudioVersion = 16.0.30104.148
MinimumVisualStudioVersion = 10.0.40219.1
Project("{FAE04EC0-301F-11D3-BF4B-00C04F79EFBC}") = "Bridge", "Bridge\Bridge.csproj", "{C7AAABCF-3924-4583-B726-922AF4EA3DFD}"
EndProject
Global
	GlobalSection(SolutionConfigurationPlatforms) = preSolution
		Debug|Any CPU = Debug|Any CPU
		Release|Any CPU = Release|Any CPU
	EndGlobalSection
	GlobalSection(ProjectConfigurationPlatforms) = postSolution
		{C7AAABCF-3924-4583-B726-922AF4EA3DFD}.Debug|Any CPU.ActiveCfg = Debug|Any CPU
		{C7AAABCF-3924-4583-B726-922AF4EA3DFD}.Debug|Any CPU.Build.0 = Debug|Any CPU
		{C7AAABCF-3924-4583-B726-922AF4EA3DFD}.Release|Any CPU.ActiveCfg = Release|Any CPU
		{C7AAABCF-3924-4583-B726-922AF4EA3DFD}.Release|Any CPU.Build.0 = Release|Any CPU
	EndGlobalSection
	GlobalSection(SolutionProperties) = preSolution
		HideSolutionNode = FALSE
	EndGlobalSection
	GlobalSection(ExtensibilityGlobals) = postSolution
		SolutionGuid = {3F6EE0ED-BCD7-4512-851D-E2B3F4A9B976}
	EndGlobalSection
EndGlobal
