
Microsoft Visual Studio Solution File, Format Version 12.00
# Visual Studio Version 16
VisualStudioVersion = 16.0.30104.148
MinimumVisualStudioVersion = 10.0.40219.1
Project("{FAE04EC0-301F-11D3-BF4B-00C04F79EFBC}") = "Builder", "Builder\Builder.csproj", "{083A1308-4B8A-4786-A1D6-7EDA34D16FDF}"
EndProject
Global
	GlobalSection(SolutionConfigurationPlatforms) = preSolution
		Debug|Any CPU = Debug|Any CPU
		Release|Any CPU = Release|Any CPU
	EndGlobalSection
	GlobalSection(ProjectConfigurationPlatforms) = postSolution
		{083A1308-4B8A-4786-A1D6-7EDA34D16FDF}.Debug|Any CPU.ActiveCfg = Debug|Any CPU
		{083A1308-4B8A-4786-A1D6-7EDA34D16FDF}.Debug|Any CPU.Build.0 = Debug|Any CPU
		{083A1308-4B8A-4786-A1D6-7EDA34D16FDF}.Release|Any CPU.ActiveCfg = Release|Any CPU
		{083A1308-4B8A-4786-A1D6-7EDA34D16FDF}.Release|Any CPU.Build.0 = Release|Any CPU
	EndGlobalSection
	GlobalSection(SolutionProperties) = preSolution
		HideSolutionNode = FALSE
	EndGlobalSection
	GlobalSection(ExtensibilityGlobals) = postSolution
		SolutionGuid = {0934AF78-DFFD-472B-8F75-307652373DCB}
	EndGlobalSection
EndGlobal
